{
  "name": "spec-driven-workflow",
  "version": "0.1.0",
  "lockfileVersion": 3,
  "requires": true,
  "packages": {
    "": {
      "name": "spec-driven-workflow",
      "version": "0.1.0",
      "license": "MIT",
      "bin": {
        "spec-driven-workflow": "bin/spec-driven-workflow.js"
      },
      "engines": {
        "node": ">=18"
      }
    }
  }
}
